
Microsoft Visual Studio Solution File, Format Version 12.00
# Visual Studio Version 17
VisualStudioVersion = 17.14.36327.8 d17.14
MinimumVisualStudioVersion = 10.0.40219.1
Project("{FAE04EC0-301F-11D3-BF4B-00C04F79EFBC}") = "QL_FOODDELI", "QL_FOODDELI\QL_FOODDELI.csproj", "{EABC5EA0-D246-4A36-BD53-7A957E530095}"
EndProject
Global
	GlobalSection(SolutionConfigurationPlatforms) = preSolution
		Debug|Any CPU = Debug|Any CPU
		Release|Any CPU = Release|Any CPU
	EndGlobalSection
	GlobalSection(ProjectConfigurationPlatforms) = postSolution
		{EABC5EA0-D246-4A36-BD53-7A957E530095}.Debug|Any CPU.ActiveCfg = Debug|Any CPU
		{EABC5EA0-D246-4A36-BD53-7A957E530095}.Debug|Any CPU.Build.0 = Debug|Any CPU
		{EABC5EA0-D246-4A36-BD53-7A957E530095}.Release|Any CPU.ActiveCfg = Release|Any CPU
		{EABC5EA0-D246-4A36-BD53-7A957E530095}.Release|Any CPU.Build.0 = Release|Any CPU
	EndGlobalSection
	GlobalSection(SolutionProperties) = preSolution
		HideSolutionNode = FALSE
	EndGlobalSection
	GlobalSection(ExtensibilityGlobals) = postSolution
		SolutionGuid = {8068956A-1112-4434-BD28-860114C8A4B4}
	EndGlobalSection
EndGlobal
